<?xml version="1.0" encoding="UTF-8"?>
<Scheme
   LastUpgradeVersion = "0510"
   version = "1.3">
   <BuildAction
      parallelizeBuildables = "YES"
      buildImplicitDependencies = "YES">
      <BuildActionEntries>
         <BuildActionEntry
            buildForTesting = "YES"
            buildForRunning = "YES"
            buildForProfiling = "YES"
            buildForArchiving = "YES"
            buildForAnalyzing = "YES">
            <BuildableReference
               BuildableIdentifier = "primary"
               BlueprintIdentifier = "0F85315D1A29F15D0027FE3B"
               BuildableName = "AIF-WAV-File-Lib"
               BlueprintName = "AIF-WAV-File-Lib"
               ReferencedContainer = "container:AIF-WAV-File-Lib.xcodeproj">
            </BuildableReference>
         </BuildActionEntry>
      </BuildActionEntries>
   </BuildAction>
   <TestAction
      selectedDebuggerIdentifier = "Xcode.DebuggerFoundation.Debugger.LLDB"
      selectedLauncherIdentifier = "Xcode.DebuggerFoundation.Launcher.LLDB"
      shouldUseLaunchSchemeArgsEnv = "YES"
      buildConfiguration = "Debug">
      <Testables>
      </Testables>
      <MacroExpansion>
         <BuildableReference
            BuildableIdentifier = "primary"
            BlueprintIdentifier = "0F85315D1A29F15D0027FE3B"
            BuildableName = "AIF-WAV-File-Lib"
            BlueprintName = "AIF-WAV-File-Lib"
            ReferencedContainer = "container:AIF-WAV-File-Lib.xcodeproj">
         </BuildableReference>
      </MacroExpansion>
   </TestAction>
   <LaunchAction
      selectedDebuggerIdentifier = "Xcode.DebuggerFoundation.Debugger.LLDB"
      selectedLauncherIdentifier = "Xcode.DebuggerFoundation.Launcher.LLDB"
      launchStyle = "0"
      useCustomWorkingDirectory = "NO"
      buildConfiguration = "Debug"
      ignoresPersistentStateOnLaunch = "NO"
      debugDocumentVersioning = "YES"
      allowLocationSimulation = "YES">
      <BuildableProductRunnable>
         <BuildableReference
            BuildableIdentifier = "primary"
            BlueprintIdentifier = "0F85315D1A29F15D0027FE3B"
            BuildableName = "AIF-WAV-File-Lib"
            BlueprintName = "AIF-WAV-File-Lib"
            ReferencedContainer = "container:AIF-WAV-File-Lib.xcodeproj">
         </BuildableReference>
      </BuildableProductRunnable>
      <CommandLineArguments>
         <CommandLineArgument
            argument = "/Volumes/machins/essai_C/AIF-WAV-File-Lib/audio-tests/bluesywavGAIN.aiff"
            isEnabled = "NO">
         </CommandLineArgument>
         <CommandLineArgument
            argument = "/Volumes/machins/essai_C/AIF-WAV-File-Lib/audio-tests/ramp8.aif"
            isEnabled = "NO">
         </CommandLineArgument>
         <CommandLineArgument
            argument = "/Volumes/machins/essai_C/AIF-WAV-File-Lib/audio-tests/ramp16.aif"
            isEnabled = "NO">
         </CommandLineArgument>
         <CommandLineArgument
            argument = "/Volumes/machins/essai_C/AIF-WAV-File-Lib/audio-tests/ramp24.aif"
            isEnabled = "NO">
         </CommandLineArgument>
         <CommandLineArgument
            argument = "/Volumes/machins/essai_C/AIF-WAV-File-Lib/audio-tests/ramp32f.aif"
            isEnabled = "NO">
         </CommandLineArgument>
         <CommandLineArgument
            argument = "/Volumes/machins/essai_C/AIF-WAV-File-Lib/audio-tests/stereonoise.aiff"
            isEnabled = "NO">
         </CommandLineArgument>
         <CommandLineArgument
            argument = "/Volumes/machins/essai_C/AIF-WAV-File-Lib/audio-tests/bluesy.wav"
            isEnabled = "NO">
         </CommandLineArgument>
         <CommandLineArgument
            argument = "/Volumes/machins/essai_C/AIF-WAV-File-Lib/audio-tests/ramp8.wav"
            isEnabled = "NO">
         </CommandLineArgument>
         <CommandLineArgument
            argument = "/Volumes/machins/essai_C/AIF-WAV-File-Lib/audio-tests/ramp16.wav"
            isEnabled = "YES">
         </CommandLineArgument>
         <CommandLineArgument
            argument = "/Volumes/machins/essai_C/AIF-WAV-File-Lib/audio-tests/ramp24.wav"
            isEnabled = "NO">
         </CommandLineArgument>
         <CommandLineArgument
            argument = "/Volumes/machins/essai_C/AIF-WAV-File-Lib/audio-tests/ramp32f.wav"
            isEnabled = "NO">
         </CommandLineArgument>
      </CommandLineArguments>
      <AdditionalOptions>
      </AdditionalOptions>
   </LaunchAction>
   <ProfileAction
      shouldUseLaunchSchemeArgsEnv = "YES"
      savedToolIdentifier = ""
      useCustomWorkingDirectory = "NO"
      buildConfiguration = "Release"
      debugDocumentVersioning = "YES">
      <BuildableProductRunnable>
         <BuildableReference
            BuildableIdentifier = "primary"
            BlueprintIdentifier = "0F85315D1A29F15D0027FE3B"
            BuildableName = "AIF-WAV-File-Lib"
            BlueprintName = "AIF-WAV-File-Lib"
            ReferencedContainer = "container:AIF-WAV-File-Lib.xcodeproj">
         </BuildableReference>
      </BuildableProductRunnable>
   </ProfileAction>
   <AnalyzeAction
      buildConfiguration = "Debug">
   </AnalyzeAction>
   <ArchiveAction
      buildConfiguration = "Release"
      revealArchiveInOrganizer = "YES">
   </ArchiveAction>
</Scheme>
